// !$*UTF8*$!
{
	archiveVersion = 1;
	classes = {
	};
	objectVersion = 46;
	objects = {

/* Begin PBXBuildFile section */
		18A0E5B61BA2CBDA00945254 /* main.m in Sources */ = {isa = PBXBuildFile; fileRef = 18A0E5B51BA2CBDA00945254 /* main.m */; };
		18A0E5B91BA2CBDB00945254 /* AppDelegate.m in Sources */ = {isa = PBXBuildFile; fileRef = 18A0E5B81BA2CBDB00945254 /* AppDelegate.m */; };
		18A0E5C11BA2CBDB00945254 /* Images.xcassets in Resources */ = {isa = PBXBuildFile; fileRef = 18A0E5C01BA2CBDB00945254 /* Images.xcassets */; };
		18A0E5C41BA2CBDB00945254 /* LaunchScreen.xib in Resources */ = {isa = PBXBuildFile; fileRef = 18A0E5C21BA2CBDB00945254 /* LaunchScreen.xib */; };
		18A0E5D01BA2CBDB00945254 /* WPTests.m in Sources */ = {isa = PBXBuildFile; fileRef = 18A0E5CF1BA2CBDB00945254 /* WPTests.m */; };
		18A0E5DC1BA2CC6B00945254 /* WPLoginViewController.m in Sources */ = {isa = PBXBuildFile; fileRef = 18A0E5DB1BA2CC6B00945254 /* WPLoginViewController.m */; };
/* End PBXBuildFile section */

/* Begin PBXContainerItemProxy section */
		18A0E5CA1BA2CBDB00945254 /* PBXContainerItemProxy */ = {
			isa = PBXContainerItemProxy;
			containerPortal = 18A0E5A81BA2CBDA00945254 /* Project object */;
			proxyType = 1;
			remoteGlobalIDString = 18A0E5AF1BA2CBDA00945254;
			remoteInfo = WP;
		};
/* End PBXContainerItemProxy section */

/* Begin PBXFileReference section */
		18A0E5B01BA2CBDA00945254 /* WP.app */ = {isa = PBXFileReference; explicitFileType = wrapper.application; includeInIndex = 0; path = WP.app; sourceTree = BUILT_PRODUCTS_DIR; };
		18A0E5B41BA2CBDA00945254 /* Info.plist */ = {isa = PBXFileReference; lastKnownFileType = text.plist.xml; path = Info.plist; sourceTree = "<group>"; };
		18A0E5B51BA2CBDA00945254 /* main.m */ = {isa = PBXFileReference; lastKnownFileType = sourcecode.c.objc; path = main.m; sourceTree = "<group>"; };
		18A0E5B71BA2CBDB00945254 /* AppDelegate.h */ = {isa = PBXFileReference; lastKnownFileType = sourcecode.c.h; path = AppDelegate.h; sourceTree = "<group>"; };
		18A0E5B81BA2CBDB00945254 /* AppDelegate.m */ = {isa = PBXFileReference; lastKnownFileType = sourcecode.c.objc; path = AppDelegate.m; sourceTree = "<group>"; };
		18A0E5C01BA2CBDB00945254 /* Images.xcassets */ = {isa = PBXFileReference; lastKnownFileType = folder.assetcatalog; path = Images.xcassets; sourceTree = "<group>"; };
		18A0E5C31BA2CBDB00945254 /* Base */ = {isa = PBXFileReference; lastKnownFileType = file.xib; name = Base; path = Base.lproj/LaunchScreen.xib; sourceTree = "<group>"; };
		18A0E5C91BA2CBDB00945254 /* WPTests.xctest */ = {isa = PBXFileReference; explicitFileType = wrapper.cfbundle; includeInIndex = 0; path = WPTests.xctest; sourceTree = BUILT_PRODUCTS_DIR; };
		18A0E5CE1BA2CBDB00945254 /* Info.plist */ = {isa = PBXFileReference; lastKnownFileType = text.plist.xml; path = Info.plist; sourceTree = "<group>"; };
		18A0E5CF1BA2CBDB00945254 /* WPTests.m */ = {isa = PBXFileReference; lastKnownFileType = sourcecode.c.objc; path = WPTests.m; sourceTree = "<group>"; };
		18A0E5DA1BA2CC6B00945254 /* WPLoginViewController.h */ = {isa = PBXFileReference; fileEncoding = 4; lastKnownFileType = sourcecode.c.h; path = WPLoginViewController.h; sourceTree = "<group>"; };
		18A0E5DB1BA2CC6B00945254 /* WPLoginViewController.m */ = {isa = PBXFileReference; fileEncoding = 4; lastKnownFileType = sourcecode.c.objc; path = WPLoginViewController.m; sourceTree = "<group>"; };
/* End PBXFileReference section */

/* Begin PBXFrameworksBuildPhase section */
		18A0E5AD1BA2CBDA00945254 /* Frameworks */ = {
			isa = PBXFrameworksBuildPhase;
			buildActionMask = 2147483647;
			files = (
			);
			runOnlyForDeploymentPostprocessing = 0;
		};
		18A0E5C61BA2CBDB00945254 /* Frameworks */ = {
			isa = PBXFrameworksBuildPhase;
			buildActionMask = 2147483647;
			files = (
			);
			runOnlyForDeploymentPostprocessing = 0;
		};
/* End PBXFrameworksBuildPhase section */

/* Begin PBXGroup section */
		18A0E5A71BA2CBDA00945254 = {
			isa = PBXGroup;
			children = (
				18A0E5B21BA2CBDA00945254 /* WP */,
				18A0E5CC1BA2CBDB00945254 /* WPTests */,
				18A0E5B11BA2CBDA00945254 /* Products */,
			);
			sourceTree = "<group>";
		};
		18A0E5B11BA2CBDA00945254 /* Products */ = {
			isa = PBXGroup;
			children = (
				18A0E5B01BA2CBDA00945254 /* WP.app */,
				18A0E5C91BA2CBDB00945254 /* WPTests.xctest */,
			);
			name = Products;
			sourceTree = "<group>";
		};
		18A0E5B21BA2CBDA00945254 /* WP */ = {
			isa = PBXGroup;
			children = (
				18A0E5B71BA2CBDB00945254 /* AppDelegate.h */,
				18A0E5B81BA2CBDB00945254 /* AppDelegate.m */,
				18A0E5D91BA2CC5C00945254 /* login */,
				18A0E5C01BA2CBDB00945254 /* Images.xcassets */,
				18A0E5C21BA2CBDB00945254 /* LaunchScreen.xib */,
				18A0E5B31BA2CBDA00945254 /* Supporting Files */,
			);
			path = WP;
			sourceTree = "<group>";
		};
		18A0E5B31BA2CBDA00945254 /* Supporting Files */ = {
			isa = PBXGroup;
			children = (
				18A0E5B41BA2CBDA00945254 /* Info.plist */,
				18A0E5B51BA2CBDA00945254 /* main.m */,
			);
			name = "Supporting Files";
			sourceTree = "<group>";
		};
		18A0E5CC1BA2CBDB00945254 /* WPTests */ = {
			isa = PBXGroup;
			children = (
				18A0E5CF1BA2CBDB00945254 /* WPTests.m */,
				18A0E5CD1BA2CBDB00945254 /* Supporting Files */,
			);
			path = WPTests;
			sourceTree = "<group>";
		};
		18A0E5CD1BA2CBDB00945254 /* Supporting Files */ = {
			isa = PBXGroup;
			children = (
				18A0E5CE1BA2CBDB00945254 /* Info.plist */,
			);
			name = "Supporting Files";
			sourceTree = "<group>";
		};
		18A0E5D91BA2CC5C00945254 /* login */ = {
			isa = PBXGroup;
			children = (
				18A0E5DA1BA2CC6B00945254 /* WPLoginViewController.h */,
				18A0E5DB1BA2CC6B00945254 /* WPLoginViewController.m */,
			);
			path = login;
			sourceTree = "<group>";
		};
/* End PBXGroup section */

/* Begin PBXNativeTarget section */
		18A0E5AF1BA2CBDA00945254 /* WP */ = {
			isa = PBXNativeTarget;
			buildConfigurationList = 18A0E5D31BA2CBDB00945254 /* Build configuration list for PBXNativeTarget "WP" */;
			buildPhases = (
				18A0E5AC1BA2CBDA00945254 /* Sources */,
				18A0E5AD1BA2CBDA00945254 /* Frameworks */,
				18A0E5AE1BA2CBDA00945254 /* Resources */,
			);
			buildRules = (
			);
			dependencies = (
			);
			name = WP;
			productName = WP;
			productReference = 18A0E5B01BA2CBDA00945254 /* WP.app */;
			productType = "com.apple.product-type.application";
		};
		18A0E5C81BA2CBDB00945254 /* WPTests */ = {
			isa = PBXNativeTarget;
			buildConfigurationList = 18A0E5D61BA2CBDB00945254 /* Build configuration list for PBXNativeTarget "WPTests" */;
			buildPhases = (
				18A0E5C51BA2CBDB00945254 /* Sources */,
				18A0E5C61BA2CBDB00945254 /* Frameworks */,
				18A0E5C71BA2CBDB00945254 /* Resources */,
			);
			buildRules = (
			);
			dependencies = (
				18A0E5CB1BA2CBDB00945254 /* PBXTargetDependency */,
			);
			name = WPTests;
			productName = WPTests;
			productReference = 18A0E5C91BA2CBDB00945254 /* WPTests.xctest */;
			productType = "com.apple.product-type.bundle.unit-test";
		};
/* End PBXNativeTarget section */

/* Begin PBXProject section */
		18A0E5A81BA2CBDA00945254 /* Project object */ = {
			isa = PBXProject;
			attributes = {
				LastUpgradeCheck = 0630;
				ORGANIZATIONNAME = "诸葛蚂蚱";
				TargetAttributes = {
					18A0E5AF1BA2CBDA00945254 = {
						CreatedOnToolsVersion = 6.3.2;
					};
					18A0E5C81BA2CBDB00945254 = {
						CreatedOnToolsVersion = 6.3.2;
						TestTargetID = 18A0E5AF1BA2CBDA00945254;
					};
				};
			};
			buildConfigurationList = 18A0E5AB1BA2CBDA00945254 /* Build configuration list for PBXProject "WP" */;
			compatibilityVersion = "Xcode 3.2";
			developmentRegion = English;
			hasScannedForEncodings = 0;
			knownRegions = (
				en,
				Base,
			);
			mainGroup = 18A0E5A71BA2CBDA00945254;
			productRefGroup = 18A0E5B11BA2CBDA00945254 /* Products */;
			projectDirPath = "";
			projectRoot = "";
			targets = (
				18A0E5AF1BA2CBDA00945254 /* WP */,
				18A0E5C81BA2CBDB00945254 /* WPTests */,
			);
		};
/* End PBXProject section */

/* Begin PBXResourcesBuildPhase section */
		18A0E5AE1BA2CBDA00945254 /* Resources */ = {
			isa = PBXResourcesBuildPhase;
			buildActionMask = 2147483647;
			files = (
				18A0E5C41BA2CBDB00945254 /* LaunchScreen.xib in Resources */,
				18A0E5C11BA2CBDB00945254 /* Images.xcassets in Resources */,
			);
			runOnlyForDeploymentPostprocessing = 0;
		};
		18A0E5C71BA2CBDB00945254 /* Resources */ = {
			isa = PBXResourcesBuildPhase;
			buildActionMask = 2147483647;
			files = (
			);
			runOnlyForDeploymentPostprocessing = 0;
		};
/* End PBXResourcesBuildPhase section */

/* Begin PBXSourcesBuildPhase section */
		18A0E5AC1BA2CBDA00945254 /* Sources */ = {
			isa = PBXSourcesBuildPhase;
			buildActionMask = 2147483647;
			files = (
				18A0E5DC1BA2CC6B00945254 /* WPLoginViewController.m in Sources */,
				18A0E5B91BA2CBDB00945254 /* AppDelegate.m in Sources */,
				18A0E5B61BA2CBDA00945254 /* main.m in Sources */,
			);
			runOnlyForDeploymentPostprocessing = 0;
		};
		18A0E5C51BA2CBDB00945254 /* Sources */ = {
			isa = PBXSourcesBuildPhase;
			buildActionMask = 2147483647;
			files = (
				18A0E5D01BA2CBDB00945254 /* WPTests.m in Sources */,
			);
			runOnlyForDeploymentPostprocessing = 0;
		};
/* End PBXSourcesBuildPhase section */

/* Begin PBXTargetDependency section */
		18A0E5CB1BA2CBDB00945254 /* PBXTargetDependency */ = {
			isa = PBXTargetDependency;
			target = 18A0E5AF1BA2CBDA00945254 /* WP */;
			targetProxy = 18A0E5CA1BA2CBDB00945254 /* PBXContainerItemProxy */;
		};
/* End PBXTargetDependency section */

/* Begin PBXVariantGroup section */
		18A0E5C21BA2CBDB00945254 /* LaunchScreen.xib */ = {
			isa = PBXVariantGroup;
			children = (
				18A0E5C31BA2CBDB00945254 /* Base */,
			);
			name = LaunchScreen.xib;
			sourceTree = "<group>";
		};
/* End PBXVariantGroup section */

/* Begin XCBuildConfiguration section */
		18A0E5D11BA2CBDB00945254 /* Debug */ = {
			isa = XCBuildConfiguration;
			buildSettings = {
				ALWAYS_SEARCH_USER_PATHS = NO;
				CLANG_CXX_LANGUAGE_STANDARD = "gnu++0x";
				CLANG_CXX_LIBRARY = "libc++";
				CLANG_ENABLE_MODULES = YES;
				CLANG_ENABLE_OBJC_ARC = YES;
				CLANG_WARN_BOOL_CONVERSION = YES;
				CLANG_WARN_CONSTANT_CONVERSION = YES;
				CLANG_WARN_DIRECT_OBJC_ISA_USAGE = YES_ERROR;
				CLANG_WARN_EMPTY_BODY = YES;
				CLANG_WARN_ENUM_CONVERSION = YES;
				CLANG_WARN_INT_CONVERSION = YES;
				CLANG_WARN_OBJC_ROOT_CLASS = YES_ERROR;
				CLANG_WARN_UNREACHABLE_CODE = YES;
				CLANG_WARN__DUPLICATE_METHOD_MATCH = YES;
				"CODE_SIGN_IDENTITY[sdk=iphoneos*]" = "iPhone Developer";
				COPY_PHASE_STRIP = NO;
				DEBUG_INFORMATION_FORMAT = "dwarf-with-dsym";
				ENABLE_STRICT_OBJC_MSGSEND = YES;
				GCC_C_LANGUAGE_STANDARD = gnu99;
				GCC_DYNAMIC_NO_PIC = NO;
				GCC_NO_COMMON_BLOCKS = YES;
				GCC_OPTIMIZATION_LEVEL = 0;
				GCC_PREPROCESSOR_DEFINITIONS = (
					"DEBUG=1",
					"$(inherited)",
				);
				GCC_SYMBOLS_PRIVATE_EXTERN = NO;
				GCC_WARN_64_TO_32_BIT_CONVERSION = YES;
				GCC_WARN_ABOUT_RETURN_TYPE = YES_ERROR;
				GCC_WARN_UNDECLARED_SELECTOR = YES;
				GCC_WARN_UNINITIALIZED_AUTOS = YES_AGGRESSIVE;
				GCC_WARN_UNUSED_FUNCTION = YES;
				GCC_WARN_UNUSED_VARIABLE = YES;
				IPHONEOS_DEPLOYMENT_TARGET = 8.3;
				MTL_ENABLE_DEBUG_INFO = YES;
				ONLY_ACTIVE_ARCH = YES;
				SDKROOT = iphoneos;
			};
			name = Debug;
		};
		18A0E5D21BA2CBDB00945254 /* Release */ = {
			isa = XCBuildConfiguration;
			buildSettings = {
				ALWAYS_SEARCH_USER_PATHS = NO;
				CLANG_CXX_LANGUAGE_STANDARD = "gnu++0x";
				CLANG_CXX_LIBRARY = "libc++";
				CLANG_ENABLE_MODULES = YES;
				CLANG_ENABLE_OBJC_ARC = YES;
				CLANG_WARN_BOOL_CONVERSION = YES;
				CLANG_WARN_CONSTANT_CONVERSION = YES;
				CLANG_WARN_DIRECT_OBJC_ISA_USAGE = YES_ERROR;
				CLANG_WARN_EMPTY_BODY = YES;
				CLANG_WARN_ENUM_CONVERSION = YES;
				CLANG_WARN_INT_CONVERSION = YES;
				CLANG_WARN_OBJC_ROOT_CLASS = YES_ERROR;
				CLANG_WARN_UNREACHABLE_CODE = YES;
				CLANG_WARN__DUPLICATE_METHOD_MATCH = YES;
				"CODE_SIGN_IDENTITY[sdk=iphoneos*]" = "iPhone Developer";
				COPY_PHASE_STRIP = NO;
				DEBUG_INFORMATION_FORMAT = "dwarf-with-dsym";
				ENABLE_NS_ASSERTIONS = NO;
				ENABLE_STRICT_OBJC_MSGSEND = YES;
				GCC_C_LANGUAGE_STANDARD = gnu99;
				GCC_NO_COMMON_BLOCKS = YES;
				GCC_WARN_64_TO_32_BIT_CONVERSION = YES;
				GCC_WARN_ABOUT_RETURN_TYPE = YES_ERROR;
				GCC_WARN_UNDECLARED_SELECTOR = YES;
				GCC_WARN_UNINITIALIZED_AUTOS = YES_AGGRESSIVE;
				GCC_WARN_UNUSED_FUNCTION = YES;
				GCC_WARN_UNUSED_VARIABLE = YES;
				IPHONEOS_DEPLOYMENT_TARGET = 8.3;
				MTL_ENABLE_DEBUG_INFO = NO;
				SDKROOT = iphoneos;
				VALIDATE_PRODUCT = YES;
			};
			name = Release;
		};
		18A0E5D41BA2CBDB00945254 /* Debug */ = {
			isa = XCBuildConfiguration;
			buildSettings = {
				ASSETCATALOG_COMPILER_APPICON_NAME = AppIcon;
				INFOPLIST_FILE = WP/Info.plist;
				IPHONEOS_DEPLOYMENT_TARGET = 7.1;
				LD_RUNPATH_SEARCH_PATHS = "$(inherited) @executable_path/Frameworks";
				PRODUCT_NAME = "$(TARGET_NAME)";
			};
			name = Debug;
		};
		18A0E5D51BA2CBDB00945254 /* Release */ = {
			isa = XCBuildConfiguration;
			buildSettings = {
				ASSETCATALOG_COMPILER_APPICON_NAME = AppIcon;
				INFOPLIST_FILE = WP/Info.plist;
				IPHONEOS_DEPLOYMENT_TARGET = 7.1;
				LD_RUNPATH_SEARCH_PATHS = "$(inherited) @executable_path/Frameworks";
				PRODUCT_NAME = "$(TARGET_NAME)";
			};
			name = Release;
		};
		18A0E5D71BA2CBDB00945254 /* Debug */ = {
			isa = XCBuildConfiguration;
			buildSettings = {
				BUNDLE_LOADER = "$(TEST_HOST)";
				FRAMEWORK_SEARCH_PATHS = (
					"$(SDKROOT)/Developer/Library/Frameworks",
					"$(inherited)",
				);
				GCC_PREPROCESSOR_DEFINITIONS = (
					"DEBUG=1",
					"$(inherited)",
				);
				INFOPLIST_FILE = WPTests/Info.plist;
				LD_RUNPATH_SEARCH_PATHS = "$(inherited) @executable_path/Frameworks @loader_path/Frameworks";
				PRODUCT_NAME = "$(TARGET_NAME)";
				TEST_HOST = "$(BUILT_PRODUCTS_DIR)/WP.app/WP";
			};
			name = Debug;
		};
		18A0E5D81BA2CBDB00945254 /* Release */ = {
			isa = XCBuildConfiguration;
			buildSettings = {
				BUNDLE_LOADER = "$(TEST_HOST)";
				FRAMEWORK_SEARCH_PATHS = (
					"$(SDKROOT)/Developer/Library/Frameworks",
					"$(inherited)",
				);
				INFOPLIST_FILE = WPTests/Info.plist;
				LD_RUNPATH_SEARCH_PATHS = "$(inherited) @executable_path/Frameworks @loader_path/Frameworks";
				PRODUCT_NAME = "$(TARGET_NAME)";
				TEST_HOST = "$(BUILT_PRODUCTS_DIR)/WP.app/WP";
			};
			name = Release;
		};
/* End XCBuildConfiguration section */

/* Begin XCConfigurationList section */
		18A0E5AB1BA2CBDA00945254 /* Build configuration list for PBXProject "WP" */ = {
			isa = XCConfigurationList;
			buildConfigurations = (
				18A0E5D11BA2CBDB00945254 /* Debug */,
				18A0E5D21BA2CBDB00945254 /* Release */,
			);
			defaultConfigurationIsVisible = 0;
			defaultConfigurationName = Release;
		};
		18A0E5D31BA2CBDB00945254 /* Build configuration list for PBXNativeTarget "WP" */ = {
			isa = XCConfigurationList;
			buildConfigurations = (
				18A0E5D41BA2CBDB00945254 /* Debug */,
				18A0E5D51BA2CBDB00945254 /* Release */,
			);
			defaultConfigurationIsVisible = 0;
		};
		18A0E5D61BA2CBDB00945254 /* Build configuration list for PBXNativeTarget "WPTests" */ = {
			isa = XCConfigurationList;
			buildConfigurations = (
				18A0E5D71BA2CBDB00945254 /* Debug */,
				18A0E5D81BA2CBDB00945254 /* Release */,
			);
			defaultConfigurationIsVisible = 0;
		};
/* End XCConfigurationList section */
	};
	rootObject = 18A0E5A81BA2CBDA00945254 /* Project object */;
}
